
Microsoft Visual Studio Solution File, Format Version 12.00
# Visual Studio Version 17
VisualStudioVersion = 17.3.32804.467
MinimumVisualStudioVersion = 10.0.40219.1
Project("{FAE04EC0-301F-11D3-BF4B-00C04F79EFBC}") = "TPWinFormApp", "TPWinForm\TPWinFormApp.csproj", "{659EAD2B-40B9-453B-A818-04DF0C137341}"
EndProject
Project("{FAE04EC0-301F-11D3-BF4B-00C04F79EFBC}") = "Dominio", "Dominio\Dominio.csproj", "{8EB4F339-A03A-423B-B880-DCA9D5CE7897}"
EndProject
Project("{FAE04EC0-301F-11D3-BF4B-00C04F79EFBC}") = "Negocio", "Negocio\Negocio.csproj", "{18040D2F-BF72-425A-912D-00C155FF01DF}"
EndProject
Project("{FAE04EC0-301F-11D3-BF4B-00C04F79EFBC}") = "Helper", "Helper\Helper.csproj", "{57B432D2-C48C-4284-87D4-12791DBDCA11}"
EndProject
Global
	GlobalSection(SolutionConfigurationPlatforms) = preSolution
		Debug|Any CPU = Debug|Any CPU
		Release|Any CPU = Release|Any CPU
	EndGlobalSection
	GlobalSection(ProjectConfigurationPlatforms) = postSolution
		{659EAD2B-40B9-453B-A818-04DF0C137341}.Debug|Any CPU.ActiveCfg = Debug|Any CPU
		{659EAD2B-40B9-453B-A818-04DF0C137341}.Debug|Any CPU.Build.0 = Debug|Any CPU
		{659EAD2B-40B9-453B-A818-04DF0C137341}.Release|Any CPU.ActiveCfg = Release|Any CPU
		{659EAD2B-40B9-453B-A818-04DF0C137341}.Release|Any CPU.Build.0 = Release|Any CPU
		{8EB4F339-A03A-423B-B880-DCA9D5CE7897}.Debug|Any CPU.ActiveCfg = Debug|Any CPU
		{8EB4F339-A03A-423B-B880-DCA9D5CE7897}.Debug|Any CPU.Build.0 = Debug|Any CPU
		{8EB4F339-A03A-423B-B880-DCA9D5CE7897}.Release|Any CPU.ActiveCfg = Release|Any CPU
		{8EB4F339-A03A-423B-B880-DCA9D5CE7897}.Release|Any CPU.Build.0 = Release|Any CPU
		{18040D2F-BF72-425A-912D-00C155FF01DF}.Debug|Any CPU.ActiveCfg = Debug|Any CPU
		{18040D2F-BF72-425A-912D-00C155FF01DF}.Debug|Any CPU.Build.0 = Debug|Any CPU
		{18040D2F-BF72-425A-912D-00C155FF01DF}.Release|Any CPU.ActiveCfg = Release|Any CPU
		{18040D2F-BF72-425A-912D-00C155FF01DF}.Release|Any CPU.Build.0 = Release|Any CPU
		{57B432D2-C48C-4284-87D4-12791DBDCA11}.Debug|Any CPU.ActiveCfg = Debug|Any CPU
		{57B432D2-C48C-4284-87D4-12791DBDCA11}.Debug|Any CPU.Build.0 = Debug|Any CPU
		{57B432D2-C48C-4284-87D4-12791DBDCA11}.Release|Any CPU.ActiveCfg = Release|Any CPU
		{57B432D2-C48C-4284-87D4-12791DBDCA11}.Release|Any CPU.Build.0 = Release|Any CPU
	EndGlobalSection
	GlobalSection(SolutionProperties) = preSolution
		HideSolutionNode = FALSE
	EndGlobalSection
	GlobalSection(ExtensibilityGlobals) = postSolution
		SolutionGuid = {A1F148D2-8079-47C0-85CC-E4E8B5100520}
	EndGlobalSection
EndGlobal
